# This file was autogenerated by Stack.
# You should not edit this file by hand.
# For more information, please see the documentation at:
#   https://docs.haskellstack.org/en/stable/lock_files

packages:
- completed:
    hackage: json-stream-0.4.2.2@sha256:7efd3e88d160e9f844ef4d6499d63831eba9b89f348ed3e4ac7eb8a362a713d0,4724
    pantry-tree:
      size: 2055
      sha256: 0713e3098f827c1183de839693f94ec5e3e1d1d6698e36dc2c1ba5780d878918
  original:
    hackage: json-stream-0.4.2.2
snapshots:
- completed:
    size: 523700
    url: https://raw.githubusercontent.com/commercialhaskell/stackage-snapshots/master/lts/14/7.yaml
    sha256: 8e3f3c894be74d71fa4bf085e0a8baae7e4d7622d07ea31a52736b80f8b9bb1a
  original: lts-14.7
